
Microsoft Visual Studio Solution File, Format Version 12.00
# Visual Studio Version 16
VisualStudioVersion = 16.0.29503.13
MinimumVisualStudioVersion = 10.0.40219.1
Project("{FAE04EC0-301F-11D3-BF4B-00C04F79EFBC}") = "XmlDBTest", "XmlDBTest.csproj", "{60942EE6-3B03-4365-9ABD-729A1CAA369E}"
EndProject
Global
	GlobalSection(SolutionConfigurationPlatforms) = preSolution
		Debug|Any CPU = Debug|Any CPU
		Release|Any CPU = Release|Any CPU
	EndGlobalSection
	GlobalSection(ProjectConfigurationPlatforms) = postSolution
		{60942EE6-3B03-4365-9ABD-729A1CAA369E}.Debug|Any CPU.ActiveCfg = Debug|Any CPU
		{60942EE6-3B03-4365-9ABD-729A1CAA369E}.Debug|Any CPU.Build.0 = Debug|Any CPU
		{60942EE6-3B03-4365-9ABD-729A1CAA369E}.Release|Any CPU.ActiveCfg = Release|Any CPU
		{60942EE6-3B03-4365-9ABD-729A1CAA369E}.Release|Any CPU.Build.0 = Release|Any CPU
	EndGlobalSection
	GlobalSection(SolutionProperties) = preSolution
		HideSolutionNode = FALSE
	EndGlobalSection
	GlobalSection(ExtensibilityGlobals) = postSolution
		SolutionGuid = {2A70FC5C-EC8B-4705-B1F5-98DFCBC63268}
	EndGlobalSection
EndGlobal
